
Microsoft Visual Studio Solution File, Format Version 12.00
# Visual Studio Version 16
VisualStudioVersion = 16.0.32228.343
MinimumVisualStudioVersion = 10.0.40219.1
Project("{FAE04EC0-301F-11D3-BF4B-00C04F79EFBC}") = "RuninNotebookAPI", "RuninNotebookAPI\RuninNotebookAPI.csproj", "{1AC79E3B-2B5E-4D5F-825E-B13DEE32ADCA}"
EndProject
Global
	GlobalSection(SolutionConfigurationPlatforms) = preSolution
		Debug|Any CPU = Debug|Any CPU
		Release|Any CPU = Release|Any CPU
	EndGlobalSection
	GlobalSection(ProjectConfigurationPlatforms) = postSolution
		{1AC79E3B-2B5E-4D5F-825E-B13DEE32ADCA}.Debug|Any CPU.ActiveCfg = Debug|Any CPU
		{1AC79E3B-2B5E-4D5F-825E-B13DEE32ADCA}.Debug|Any CPU.Build.0 = Debug|Any CPU
		{1AC79E3B-2B5E-4D5F-825E-B13DEE32ADCA}.Release|Any CPU.ActiveCfg = Release|Any CPU
		{1AC79E3B-2B5E-4D5F-825E-B13DEE32ADCA}.Release|Any CPU.Build.0 = Release|Any CPU
	EndGlobalSection
	GlobalSection(SolutionProperties) = preSolution
		HideSolutionNode = FALSE
	EndGlobalSection
	GlobalSection(ExtensibilityGlobals) = postSolution
		SolutionGuid = {F71BA42F-6A53-4480-9623-C8B11C740F73}
	EndGlobalSection
EndGlobal
